
Microsoft Visual Studio Solution File, Format Version 12.00
# Visual Studio Version 17
VisualStudioVersion = 17.11.35222.181
MinimumVisualStudioVersion = 10.0.40219.1
Project("{FAE04EC0-301F-11D3-BF4B-00C04F79EFBC}") = "ParityAndSum", "ParityAndSum\ParityAndSum.csproj", "{886696CA-D97C-47CA-9688-B9EEAA6300EB}"
EndProject
Global
	GlobalSection(SolutionConfigurationPlatforms) = preSolution
		Debug|Any CPU = Debug|Any CPU
		Release|Any CPU = Release|Any CPU
	EndGlobalSection
	GlobalSection(ProjectConfigurationPlatforms) = postSolution
		{886696CA-D97C-47CA-9688-B9EEAA6300EB}.Debug|Any CPU.ActiveCfg = Debug|Any CPU
		{886696CA-D97C-47CA-9688-B9EEAA6300EB}.Debug|Any CPU.Build.0 = Debug|Any CPU
		{886696CA-D97C-47CA-9688-B9EEAA6300EB}.Release|Any CPU.ActiveCfg = Release|Any CPU
		{886696CA-D97C-47CA-9688-B9EEAA6300EB}.Release|Any CPU.Build.0 = Release|Any CPU
	EndGlobalSection
	GlobalSection(SolutionProperties) = preSolution
		HideSolutionNode = FALSE
	EndGlobalSection
	GlobalSection(ExtensibilityGlobals) = postSolution
		SolutionGuid = {D97988C8-3546-4718-A0C6-CE55EB8958FE}
	EndGlobalSection
EndGlobal
