
Microsoft Visual Studio Solution File, Format Version 12.00
# Visual Studio Version 17
VisualStudioVersion = 17.11.35222.181
MinimumVisualStudioVersion = 10.0.40219.1
Project("{FAE04EC0-301F-11D3-BF4B-00C04F79EFBC}") = "QueueAtSchool", "QueueAtSchool\QueueAtSchool.csproj", "{C09E8718-0A89-4BA6-A9BF-DA0DED6F950A}"
EndProject
Global
	GlobalSection(SolutionConfigurationPlatforms) = preSolution
		Debug|Any CPU = Debug|Any CPU
		Release|Any CPU = Release|Any CPU
	EndGlobalSection
	GlobalSection(ProjectConfigurationPlatforms) = postSolution
		{C09E8718-0A89-4BA6-A9BF-DA0DED6F950A}.Debug|Any CPU.ActiveCfg = Debug|Any CPU
		{C09E8718-0A89-4BA6-A9BF-DA0DED6F950A}.Debug|Any CPU.Build.0 = Debug|Any CPU
		{C09E8718-0A89-4BA6-A9BF-DA0DED6F950A}.Release|Any CPU.ActiveCfg = Release|Any CPU
		{C09E8718-0A89-4BA6-A9BF-DA0DED6F950A}.Release|Any CPU.Build.0 = Release|Any CPU
	EndGlobalSection
	GlobalSection(SolutionProperties) = preSolution
		HideSolutionNode = FALSE
	EndGlobalSection
	GlobalSection(ExtensibilityGlobals) = postSolution
		SolutionGuid = {DDB59646-92B3-41DA-AD26-FEFEC769C3AA}
	EndGlobalSection
EndGlobal
