
Microsoft Visual Studio Solution File, Format Version 12.00
# Visual Studio Version 17
VisualStudioVersion = 17.11.35222.181
MinimumVisualStudioVersion = 10.0.40219.1
Project("{FAE04EC0-301F-11D3-BF4B-00C04F79EFBC}") = "StairPeakNeither", "StairPeakNeither\StairPeakNeither.csproj", "{DC8E8C14-AEF5-48D3-B80A-1F142DE902B0}"
EndProject
Global
	GlobalSection(SolutionConfigurationPlatforms) = preSolution
		Debug|Any CPU = Debug|Any CPU
		Release|Any CPU = Release|Any CPU
	EndGlobalSection
	GlobalSection(ProjectConfigurationPlatforms) = postSolution
		{DC8E8C14-AEF5-48D3-B80A-1F142DE902B0}.Debug|Any CPU.ActiveCfg = Debug|Any CPU
		{DC8E8C14-AEF5-48D3-B80A-1F142DE902B0}.Debug|Any CPU.Build.0 = Debug|Any CPU
		{DC8E8C14-AEF5-48D3-B80A-1F142DE902B0}.Release|Any CPU.ActiveCfg = Release|Any CPU
		{DC8E8C14-AEF5-48D3-B80A-1F142DE902B0}.Release|Any CPU.Build.0 = Release|Any CPU
	EndGlobalSection
	GlobalSection(SolutionProperties) = preSolution
		HideSolutionNode = FALSE
	EndGlobalSection
	GlobalSection(ExtensibilityGlobals) = postSolution
		SolutionGuid = {BE2BE385-49B2-4C0B-8FD9-A10B8166CA10}
	EndGlobalSection
EndGlobal
