
Microsoft Visual Studio Solution File, Format Version 12.00
# Visual Studio Version 17
VisualStudioVersion = 17.11.35222.181
MinimumVisualStudioVersion = 10.0.40219.1
Project("{FAE04EC0-301F-11D3-BF4B-00C04F79EFBC}") = "ClosestPoint", "ClosestPoint\ClosestPoint.csproj", "{973614F6-9FEE-4431-A5EB-787AC9CDC1BB}"
EndProject
Global
	GlobalSection(SolutionConfigurationPlatforms) = preSolution
		Debug|Any CPU = Debug|Any CPU
		Release|Any CPU = Release|Any CPU
	EndGlobalSection
	GlobalSection(ProjectConfigurationPlatforms) = postSolution
		{973614F6-9FEE-4431-A5EB-787AC9CDC1BB}.Debug|Any CPU.ActiveCfg = Debug|Any CPU
		{973614F6-9FEE-4431-A5EB-787AC9CDC1BB}.Debug|Any CPU.Build.0 = Debug|Any CPU
		{973614F6-9FEE-4431-A5EB-787AC9CDC1BB}.Release|Any CPU.ActiveCfg = Release|Any CPU
		{973614F6-9FEE-4431-A5EB-787AC9CDC1BB}.Release|Any CPU.Build.0 = Release|Any CPU
	EndGlobalSection
	GlobalSection(SolutionProperties) = preSolution
		HideSolutionNode = FALSE
	EndGlobalSection
	GlobalSection(ExtensibilityGlobals) = postSolution
		SolutionGuid = {2F85A072-01F1-4C49-B425-64E7E7D9C6B9}
	EndGlobalSection
EndGlobal
