
Microsoft Visual Studio Solution File, Format Version 12.00
# Visual Studio Version 17
VisualStudioVersion = 17.11.35222.181
MinimumVisualStudioVersion = 10.0.40219.1
Project("{FAE04EC0-301F-11D3-BF4B-00C04F79EFBC}") = "ManhattanCircle", "ManhattanCircle\ManhattanCircle.csproj", "{ACA30D0D-5536-4553-828C-5F97DDD3F9C0}"
EndProject
Global
	GlobalSection(SolutionConfigurationPlatforms) = preSolution
		Debug|Any CPU = Debug|Any CPU
		Release|Any CPU = Release|Any CPU
	EndGlobalSection
	GlobalSection(ProjectConfigurationPlatforms) = postSolution
		{ACA30D0D-5536-4553-828C-5F97DDD3F9C0}.Debug|Any CPU.ActiveCfg = Debug|Any CPU
		{ACA30D0D-5536-4553-828C-5F97DDD3F9C0}.Debug|Any CPU.Build.0 = Debug|Any CPU
		{ACA30D0D-5536-4553-828C-5F97DDD3F9C0}.Release|Any CPU.ActiveCfg = Release|Any CPU
		{ACA30D0D-5536-4553-828C-5F97DDD3F9C0}.Release|Any CPU.Build.0 = Release|Any CPU
	EndGlobalSection
	GlobalSection(SolutionProperties) = preSolution
		HideSolutionNode = FALSE
	EndGlobalSection
	GlobalSection(ExtensibilityGlobals) = postSolution
		SolutionGuid = {54986BAE-5791-46B7-A29D-9CFFCAFC0BBF}
	EndGlobalSection
EndGlobal
