
Microsoft Visual Studio Solution File, Format Version 12.00
# Visual Studio Version 17
VisualStudioVersion = 17.11.35222.181
MinimumVisualStudioVersion = 10.0.40219.1
Project("{FAE04EC0-301F-11D3-BF4B-00C04F79EFBC}") = "ThousandTonsTNT", "ThousandTonsTNT\ThousandTonsTNT.csproj", "{9F484F4F-FC03-44DB-AE9A-01C09E9BB7C4}"
EndProject
Global
	GlobalSection(SolutionConfigurationPlatforms) = preSolution
		Debug|Any CPU = Debug|Any CPU
		Release|Any CPU = Release|Any CPU
	EndGlobalSection
	GlobalSection(ProjectConfigurationPlatforms) = postSolution
		{9F484F4F-FC03-44DB-AE9A-01C09E9BB7C4}.Debug|Any CPU.ActiveCfg = Debug|Any CPU
		{9F484F4F-FC03-44DB-AE9A-01C09E9BB7C4}.Debug|Any CPU.Build.0 = Debug|Any CPU
		{9F484F4F-FC03-44DB-AE9A-01C09E9BB7C4}.Release|Any CPU.ActiveCfg = Release|Any CPU
		{9F484F4F-FC03-44DB-AE9A-01C09E9BB7C4}.Release|Any CPU.Build.0 = Release|Any CPU
	EndGlobalSection
	GlobalSection(SolutionProperties) = preSolution
		HideSolutionNode = FALSE
	EndGlobalSection
	GlobalSection(ExtensibilityGlobals) = postSolution
		SolutionGuid = {975A0666-398C-4C39-B0C4-B3849708E631}
	EndGlobalSection
EndGlobal
