
Microsoft Visual Studio Solution File, Format Version 12.00
# Visual Studio Version 17
VisualStudioVersion = 17.11.35222.181
MinimumVisualStudioVersion = 10.0.40219.1
Project("{FAE04EC0-301F-11D3-BF4B-00C04F79EFBC}") = "CardboardPictures", "CardboardPictures\CardboardPictures.csproj", "{27D6F1E6-6836-455A-BB02-26F7333CF4C4}"
EndProject
Global
	GlobalSection(SolutionConfigurationPlatforms) = preSolution
		Debug|Any CPU = Debug|Any CPU
		Release|Any CPU = Release|Any CPU
	EndGlobalSection
	GlobalSection(ProjectConfigurationPlatforms) = postSolution
		{27D6F1E6-6836-455A-BB02-26F7333CF4C4}.Debug|Any CPU.ActiveCfg = Debug|Any CPU
		{27D6F1E6-6836-455A-BB02-26F7333CF4C4}.Debug|Any CPU.Build.0 = Debug|Any CPU
		{27D6F1E6-6836-455A-BB02-26F7333CF4C4}.Release|Any CPU.ActiveCfg = Release|Any CPU
		{27D6F1E6-6836-455A-BB02-26F7333CF4C4}.Release|Any CPU.Build.0 = Release|Any CPU
	EndGlobalSection
	GlobalSection(SolutionProperties) = preSolution
		HideSolutionNode = FALSE
	EndGlobalSection
	GlobalSection(ExtensibilityGlobals) = postSolution
		SolutionGuid = {EAE8DF80-8463-4970-8487-6FA9D6332DD4}
	EndGlobalSection
EndGlobal
